
Microsoft Visual Studio Solution File, Format Version 12.00
# Visual Studio Version 16
VisualStudioVersion = 16.0.31702.278
MinimumVisualStudioVersion = 10.0.40219.1
Project("{00D1A9C2-B5F0-4AF3-8072-F6C62B433612}") = "AdvendtureDB", "AdvendtureDB\AdvendtureDB.sqlproj", "{4076504C-D263-48C8-8CCB-36A15C435DC5}"
EndProject
Global
	GlobalSection(SolutionConfigurationPlatforms) = preSolution
		Debug|Any CPU = Debug|Any CPU
		Release|Any CPU = Release|Any CPU
	EndGlobalSection
	GlobalSection(ProjectConfigurationPlatforms) = postSolution
		{4076504C-D263-48C8-8CCB-36A15C435DC5}.Debug|Any CPU.ActiveCfg = Debug|Any CPU
		{4076504C-D263-48C8-8CCB-36A15C435DC5}.Debug|Any CPU.Build.0 = Debug|Any CPU
		{4076504C-D263-48C8-8CCB-36A15C435DC5}.Debug|Any CPU.Deploy.0 = Debug|Any CPU
		{4076504C-D263-48C8-8CCB-36A15C435DC5}.Release|Any CPU.ActiveCfg = Release|Any CPU
		{4076504C-D263-48C8-8CCB-36A15C435DC5}.Release|Any CPU.Build.0 = Release|Any CPU
		{4076504C-D263-48C8-8CCB-36A15C435DC5}.Release|Any CPU.Deploy.0 = Release|Any CPU
	EndGlobalSection
	GlobalSection(SolutionProperties) = preSolution
		HideSolutionNode = FALSE
	EndGlobalSection
	GlobalSection(ExtensibilityGlobals) = postSolution
		SolutionGuid = {D76352F0-360C-4DDE-8318-520A5854B170}
	EndGlobalSection
EndGlobal
